
Microsoft Visual Studio Solution File, Format Version 12.00
# Visual Studio Version 17
VisualStudioVersion = 17.12.35707.178
MinimumVisualStudioVersion = 10.0.40219.1
Project("{FAE04EC0-301F-11D3-BF4B-00C04F79EFBC}") = "SwaggerWcf", "CqrXs\SwaggerWcf\SwaggerWcf.csproj", "{0AD6EFBC-412F-4C0E-8E0A-0FAF28151B55}"
EndProject
Project("{FAE04EC0-301F-11D3-BF4B-00C04F79EFBC}") = "WcfTestService", "CqrXs\EU.CqrXs.Web.WcfTestService\WcfTestService.csproj", "{FAFEF12A-614D-4FAF-8994-519C754107B1}"
EndProject
Project("{FAE04EC0-301F-11D3-BF4B-00C04F79EFBC}") = "Area23.At.Framework.Library", "..\Framework\Area23.At.Framework.Library\Area23.At.Framework.Library.csproj", "{4133904B-C57A-4F45-AD85-537AA97F765F}"
EndProject
Global
	GlobalSection(SolutionConfigurationPlatforms) = preSolution
		Debug|Any CPU = Debug|Any CPU
		Release|Any CPU = Release|Any CPU
	EndGlobalSection
	GlobalSection(ProjectConfigurationPlatforms) = postSolution
		{0AD6EFBC-412F-4C0E-8E0A-0FAF28151B55}.Debug|Any CPU.ActiveCfg = Debug|Any CPU
		{0AD6EFBC-412F-4C0E-8E0A-0FAF28151B55}.Debug|Any CPU.Build.0 = Debug|Any CPU
		{0AD6EFBC-412F-4C0E-8E0A-0FAF28151B55}.Release|Any CPU.ActiveCfg = Release|Any CPU
		{0AD6EFBC-412F-4C0E-8E0A-0FAF28151B55}.Release|Any CPU.Build.0 = Release|Any CPU
		{FAFEF12A-614D-4FAF-8994-519C754107B1}.Debug|Any CPU.ActiveCfg = Debug|Any CPU
		{FAFEF12A-614D-4FAF-8994-519C754107B1}.Debug|Any CPU.Build.0 = Debug|Any CPU
		{FAFEF12A-614D-4FAF-8994-519C754107B1}.Release|Any CPU.ActiveCfg = Release|Any CPU
		{FAFEF12A-614D-4FAF-8994-519C754107B1}.Release|Any CPU.Build.0 = Release|Any CPU
		{4133904B-C57A-4F45-AD85-537AA97F765F}.Debug|Any CPU.ActiveCfg = Debug|Any CPU
		{4133904B-C57A-4F45-AD85-537AA97F765F}.Debug|Any CPU.Build.0 = Debug|Any CPU
		{4133904B-C57A-4F45-AD85-537AA97F765F}.Release|Any CPU.ActiveCfg = Release|Any CPU
		{4133904B-C57A-4F45-AD85-537AA97F765F}.Release|Any CPU.Build.0 = Release|Any CPU
	EndGlobalSection
	GlobalSection(SolutionProperties) = preSolution
		HideSolutionNode = FALSE
	EndGlobalSection
EndGlobal
