
Microsoft Visual Studio Solution File, Format Version 12.00
# Visual Studio Version 17
VisualStudioVersion = 17.3.32804.467
MinimumVisualStudioVersion = 10.0.40219.1
Project("{9A19103F-16F7-4668-BE54-9A1E7A4F7556}") = "SecureChat", "WinForm\SecureChat\SecureChat.csproj", "{7BD0121D-3655-4612-97C4-42EF1C63F222}"
EndProject
Project("{FAE04EC0-301F-11D3-BF4B-00C04F79EFBC}") = "EU.CqrXs.Framework.Core", "Framework\Core\EU.CqrXs.Framework.Core.csproj", "{07636C3B-E22E-4B5D-BBEE-B4175EFBEFEF}"
EndProject
Global
	GlobalSection(SolutionConfigurationPlatforms) = preSolution
		Debug|Any CPU = Debug|Any CPU
		Release|Any CPU = Release|Any CPU
	EndGlobalSection
	GlobalSection(ProjectConfigurationPlatforms) = postSolution
		{7BD0121D-3655-4612-97C4-42EF1C63F222}.Debug|Any CPU.ActiveCfg = Debug|Any CPU
		{7BD0121D-3655-4612-97C4-42EF1C63F222}.Debug|Any CPU.Build.0 = Debug|Any CPU
		{7BD0121D-3655-4612-97C4-42EF1C63F222}.Release|Any CPU.ActiveCfg = Release|Any CPU
		{7BD0121D-3655-4612-97C4-42EF1C63F222}.Release|Any CPU.Build.0 = Release|Any CPU
		{07636C3B-E22E-4B5D-BBEE-B4175EFBEFEF}.Debug|Any CPU.ActiveCfg = Debug|Any CPU
		{07636C3B-E22E-4B5D-BBEE-B4175EFBEFEF}.Debug|Any CPU.Build.0 = Debug|Any CPU
		{07636C3B-E22E-4B5D-BBEE-B4175EFBEFEF}.Release|Any CPU.ActiveCfg = Release|Any CPU
		{07636C3B-E22E-4B5D-BBEE-B4175EFBEFEF}.Release|Any CPU.Build.0 = Release|Any CPU
	EndGlobalSection
	GlobalSection(SolutionProperties) = preSolution
		HideSolutionNode = FALSE
	EndGlobalSection
	GlobalSection(ExtensibilityGlobals) = postSolution
		SolutionGuid = {2C666695-F06E-477F-8F0F-8E0A5EA230A7}
	EndGlobalSection
EndGlobal
